
Microsoft Visual Studio Solution File, Format Version 12.00
# Visual Studio Version 17
VisualStudioVersion = 17.0.31903.59
MinimumVisualStudioVersion = 10.0.40219.1
Project("{2150E333-8FDC-42A3-9474-1A3956D46DE8}") = "src", "src", "{155E5544-C5F7-4FC5-A55B-981154B60A52}"
EndProject
Project("{9A19103F-16F7-4668-BE54-9A1E7A4F7556}") = "CRM.DataAccess", "src\CRM.DataAccess\CRM.DataAccess.csproj", "{F7622BCB-6B38-4548-A658-8C1120253DFE}"
EndProject
Project("{9A19103F-16F7-4668-BE54-9A1E7A4F7556}") = "CRM.Domain", "src\CRM.Domain\CRM.Domain.csproj", "{397471DB-0522-45E7-9392-F78B83F20EA3}"
EndProject
Project("{9A19103F-16F7-4668-BE54-9A1E7A4F7556}") = "CRM.Service", "src\CRM.Service\CRM.Service.csproj", "{74A45319-C187-449B-B54E-B503E89A4A55}"
EndProject
Project("{9A19103F-16F7-4668-BE54-9A1E7A4F7556}") = "CRM.WebApi", "src\CRM.WebApi\CRM.WebApi.csproj", "{15653479-79BA-4AFB-87F0-684EE3F9DD64}"
EndProject
Project("{2150E333-8FDC-42A3-9474-1A3956D46DE8}") = "test", "test", "{5550062D-1493-4F77-AE34-59B6EBADA9A0}"
EndProject
Project("{9A19103F-16F7-4668-BE54-9A1E7A4F7556}") = "CRM.Tests", "test\CRM.Tests\CRM.Tests.csproj", "{D003CD8F-6E8B-4966-9480-7D9636F36014}"
EndProject
Project("{FAE04EC0-301F-11D3-BF4B-00C04F79EFBC}") = "CRM.Web", "CRM.Web\CRM.Web.csproj", "{26752637-1D9B-46C0-8B86-BFDF280F0E8D}"
EndProject
Global
	GlobalSection(SolutionConfigurationPlatforms) = preSolution
		Debug|Any CPU = Debug|Any CPU
		Release|Any CPU = Release|Any CPU
	EndGlobalSection
	GlobalSection(ProjectConfigurationPlatforms) = postSolution
		{F7622BCB-6B38-4548-A658-8C1120253DFE}.Debug|Any CPU.ActiveCfg = Debug|Any CPU
		{F7622BCB-6B38-4548-A658-8C1120253DFE}.Debug|Any CPU.Build.0 = Debug|Any CPU
		{F7622BCB-6B38-4548-A658-8C1120253DFE}.Release|Any CPU.ActiveCfg = Release|Any CPU
		{F7622BCB-6B38-4548-A658-8C1120253DFE}.Release|Any CPU.Build.0 = Release|Any CPU
		{397471DB-0522-45E7-9392-F78B83F20EA3}.Debug|Any CPU.ActiveCfg = Debug|Any CPU
		{397471DB-0522-45E7-9392-F78B83F20EA3}.Debug|Any CPU.Build.0 = Debug|Any CPU
		{397471DB-0522-45E7-9392-F78B83F20EA3}.Release|Any CPU.ActiveCfg = Release|Any CPU
		{397471DB-0522-45E7-9392-F78B83F20EA3}.Release|Any CPU.Build.0 = Release|Any CPU
		{74A45319-C187-449B-B54E-B503E89A4A55}.Debug|Any CPU.ActiveCfg = Debug|Any CPU
		{74A45319-C187-449B-B54E-B503E89A4A55}.Debug|Any CPU.Build.0 = Debug|Any CPU
		{74A45319-C187-449B-B54E-B503E89A4A55}.Release|Any CPU.ActiveCfg = Release|Any CPU
		{74A45319-C187-449B-B54E-B503E89A4A55}.Release|Any CPU.Build.0 = Release|Any CPU
		{15653479-79BA-4AFB-87F0-684EE3F9DD64}.Debug|Any CPU.ActiveCfg = Debug|Any CPU
		{15653479-79BA-4AFB-87F0-684EE3F9DD64}.Debug|Any CPU.Build.0 = Debug|Any CPU
		{15653479-79BA-4AFB-87F0-684EE3F9DD64}.Release|Any CPU.ActiveCfg = Release|Any CPU
		{15653479-79BA-4AFB-87F0-684EE3F9DD64}.Release|Any CPU.Build.0 = Release|Any CPU
		{D003CD8F-6E8B-4966-9480-7D9636F36014}.Debug|Any CPU.ActiveCfg = Debug|Any CPU
		{D003CD8F-6E8B-4966-9480-7D9636F36014}.Debug|Any CPU.Build.0 = Debug|Any CPU
		{D003CD8F-6E8B-4966-9480-7D9636F36014}.Release|Any CPU.ActiveCfg = Release|Any CPU
		{D003CD8F-6E8B-4966-9480-7D9636F36014}.Release|Any CPU.Build.0 = Release|Any CPU
		{26752637-1D9B-46C0-8B86-BFDF280F0E8D}.Debug|Any CPU.ActiveCfg = Debug|Any CPU
		{26752637-1D9B-46C0-8B86-BFDF280F0E8D}.Debug|Any CPU.Build.0 = Debug|Any CPU
		{26752637-1D9B-46C0-8B86-BFDF280F0E8D}.Release|Any CPU.ActiveCfg = Release|Any CPU
		{26752637-1D9B-46C0-8B86-BFDF280F0E8D}.Release|Any CPU.Build.0 = Release|Any CPU
	EndGlobalSection
	GlobalSection(SolutionProperties) = preSolution
		HideSolutionNode = FALSE
	EndGlobalSection
	GlobalSection(NestedProjects) = preSolution
		{F7622BCB-6B38-4548-A658-8C1120253DFE} = {155E5544-C5F7-4FC5-A55B-981154B60A52}
		{397471DB-0522-45E7-9392-F78B83F20EA3} = {155E5544-C5F7-4FC5-A55B-981154B60A52}
		{74A45319-C187-449B-B54E-B503E89A4A55} = {155E5544-C5F7-4FC5-A55B-981154B60A52}
		{15653479-79BA-4AFB-87F0-684EE3F9DD64} = {155E5544-C5F7-4FC5-A55B-981154B60A52}
		{D003CD8F-6E8B-4966-9480-7D9636F36014} = {5550062D-1493-4F77-AE34-59B6EBADA9A0}
		{26752637-1D9B-46C0-8B86-BFDF280F0E8D} = {155E5544-C5F7-4FC5-A55B-981154B60A52}
	EndGlobalSection
EndGlobal
